
Microsoft Visual Studio Solution File, Format Version 12.00
# Visual Studio Version 16
VisualStudioVersion = 16.0.29230.47
MinimumVisualStudioVersion = 10.0.40219.1
Project("{FAE04EC0-301F-11D3-BF4B-00C04F79EFBC}") = "Pregunta3Examennn", "Pregunta3Examennn\Pregunta3Examennn.csproj", "{1B40CFE2-CA01-4B35-A051-9131F15EE4E3}"
EndProject
Global
	GlobalSection(SolutionConfigurationPlatforms) = preSolution
		Debug|Any CPU = Debug|Any CPU
		Release|Any CPU = Release|Any CPU
	EndGlobalSection
	GlobalSection(ProjectConfigurationPlatforms) = postSolution
		{1B40CFE2-CA01-4B35-A051-9131F15EE4E3}.Debug|Any CPU.ActiveCfg = Debug|Any CPU
		{1B40CFE2-CA01-4B35-A051-9131F15EE4E3}.Debug|Any CPU.Build.0 = Debug|Any CPU
		{1B40CFE2-CA01-4B35-A051-9131F15EE4E3}.Release|Any CPU.ActiveCfg = Release|Any CPU
		{1B40CFE2-CA01-4B35-A051-9131F15EE4E3}.Release|Any CPU.Build.0 = Release|Any CPU
	EndGlobalSection
	GlobalSection(SolutionProperties) = preSolution
		HideSolutionNode = FALSE
	EndGlobalSection
	GlobalSection(ExtensibilityGlobals) = postSolution
		SolutionGuid = {23958393-9AB8-43EE-B85B-7F4600C321E4}
	EndGlobalSection
EndGlobal
