
Microsoft Visual Studio Solution File, Format Version 12.00
# Visual Studio Version 16
VisualStudioVersion = 16.0.29230.47
MinimumVisualStudioVersion = 10.0.40219.1
Project("{FAE04EC0-301F-11D3-BF4B-00C04F79EFBC}") = "ServidorEFinal", "ServidorEFinal\ServidorEFinal.csproj", "{87E32F6C-A04C-4117-B880-A17BA64F53F9}"
EndProject
Global
	GlobalSection(SolutionConfigurationPlatforms) = preSolution
		Debug|Any CPU = Debug|Any CPU
		Release|Any CPU = Release|Any CPU
	EndGlobalSection
	GlobalSection(ProjectConfigurationPlatforms) = postSolution
		{87E32F6C-A04C-4117-B880-A17BA64F53F9}.Debug|Any CPU.ActiveCfg = Debug|Any CPU
		{87E32F6C-A04C-4117-B880-A17BA64F53F9}.Debug|Any CPU.Build.0 = Debug|Any CPU
		{87E32F6C-A04C-4117-B880-A17BA64F53F9}.Release|Any CPU.ActiveCfg = Release|Any CPU
		{87E32F6C-A04C-4117-B880-A17BA64F53F9}.Release|Any CPU.Build.0 = Release|Any CPU
	EndGlobalSection
	GlobalSection(SolutionProperties) = preSolution
		HideSolutionNode = FALSE
	EndGlobalSection
	GlobalSection(ExtensibilityGlobals) = postSolution
		SolutionGuid = {B5132A96-5699-495A-8478-2631440A8505}
	EndGlobalSection
EndGlobal
